
Microsoft Visual Studio Solution File, Format Version 12.00
# Visual Studio 15
VisualStudioVersion = 15.0.28307.779
MinimumVisualStudioVersion = 10.0.40219.1
Project("{FAE04EC0-301F-11D3-BF4B-00C04F79EFBC}") = "EvxWebAppCore", "EvxWebAppCore\EvxWebAppCore.csproj", "{CBDED1E5-79CD-4EF6-8084-535DE8DF14B8}"
EndProject
Global
	GlobalSection(SolutionConfigurationPlatforms) = preSolution
		Debug|Any CPU = Debug|Any CPU
		Release|Any CPU = Release|Any CPU
	EndGlobalSection
	GlobalSection(ProjectConfigurationPlatforms) = postSolution
		{CBDED1E5-79CD-4EF6-8084-535DE8DF14B8}.Debug|Any CPU.ActiveCfg = Debug|Any CPU
		{CBDED1E5-79CD-4EF6-8084-535DE8DF14B8}.Debug|Any CPU.Build.0 = Debug|Any CPU
		{CBDED1E5-79CD-4EF6-8084-535DE8DF14B8}.Release|Any CPU.ActiveCfg = Release|Any CPU
		{CBDED1E5-79CD-4EF6-8084-535DE8DF14B8}.Release|Any CPU.Build.0 = Release|Any CPU
	EndGlobalSection
	GlobalSection(SolutionProperties) = preSolution
		HideSolutionNode = FALSE
	EndGlobalSection
	GlobalSection(ExtensibilityGlobals) = postSolution
		SolutionGuid = {7F9E0F3A-EFC2-4697-930B-B3B65299B40E}
	EndGlobalSection
EndGlobal
